// !$*UTF8*$!
{
	archiveVersion = 1;
	classes = {
	};
	objectVersion = 56;
	objects = {

/* Begin PBXBuildFile section */
		423CE8D02B0C9C0B00B1911D /* SignInRegisterCell.swift in Sources */ = {isa = PBXBuildFile; fileRef = 423CE8CC2B0C9C0A00B1911D /* SignInRegisterCell.swift */; };
		423CE8D22B0C9C0B00B1911D /* SignInRegisterView.swift in Sources */ = {isa = PBXBuildFile; fileRef = 423CE8CE2B0C9C0A00B1911D /* SignInRegisterView.swift */; };
		423CE8D32B0C9C0B00B1911D /* RegisterButtonView.swift in Sources */ = {isa = PBXBuildFile; fileRef = 423CE8CF2B0C9C0A00B1911D /* RegisterButtonView.swift */; };
		423CE8D52B0C9E2900B1911D /* SignInView.swift in Sources */ = {isa = PBXBuildFile; fileRef = 423CE8D42B0C9E2900B1911D /* SignInView.swift */; };
		426C12862B03692F0069C5B5 /* GoogleService-Info.plist in Resources */ = {isa = PBXBuildFile; fileRef = 426C12852B03692F0069C5B5 /* GoogleService-Info.plist */; };
		426C128D2B0369820069C5B5 /* MovieItemView.swift in Sources */ = {isa = PBXBuildFile; fileRef = 426C128B2B0369820069C5B5 /* MovieItemView.swift */; };
		426C128E2B0369820069C5B5 /* MovieTabView.swift in Sources */ = {isa = PBXBuildFile; fileRef = 426C128C2B0369820069C5B5 /* MovieTabView.swift */; };
		42E100AE2AFA28CF00D3208D /* ContentView.swift in Sources */ = {isa = PBXBuildFile; fileRef = 42E100AD2AFA28CF00D3208D /* ContentView.swift */; };
		42E100B02AFA28D500D3208D /* SideBarView.swift in Sources */ = {isa = PBXBuildFile; fileRef = 42E100AF2AFA28D500D3208D /* SideBarView.swift */; };
		42E100B32AFA28DF00D3208D /* MenuView.swift in Sources */ = {isa = PBXBuildFile; fileRef = 42E100B22AFA28DF00D3208D /* MenuView.swift */; };
		42E100B72AFA28E500D3208D /* CustomNavigationBarView.swift in Sources */ = {isa = PBXBuildFile; fileRef = 42E100B52AFA28E500D3208D /* CustomNavigationBarView.swift */; };
		42E100B82AFA28E500D3208D /* LogoView.swift in Sources */ = {isa = PBXBuildFile; fileRef = 42E100B62AFA28E500D3208D /* LogoView.swift */; };
		751307E22AFA1EAF00A7B752 /* MovieRequestAction.swift in Sources */ = {isa = PBXBuildFile; fileRef = 751307E12AFA1EAF00A7B752 /* MovieRequestAction.swift */; };
		753C94822B0CBADF004AB956 /* MyFeelingsModel.swift in Sources */ = {isa = PBXBuildFile; fileRef = 753C94812B0CBADF004AB956 /* MyFeelingsModel.swift */; };
		75713B962AB0831D00AC876A /* Alamofire in Frameworks */ = {isa = PBXBuildFile; productRef = 75713B952AB0831D00AC876A /* Alamofire */; };
		757641012AE7B84A0070F2C9 /* SleepOverButton.swift in Sources */ = {isa = PBXBuildFile; fileRef = 757640EB2AE7B84A0070F2C9 /* SleepOverButton.swift */; };
		757641022AE7B84A0070F2C9 /* SleepOverView.swift in Sources */ = {isa = PBXBuildFile; fileRef = 757640EC2AE7B84A0070F2C9 /* SleepOverView.swift */; };
		757641032AE7B84A0070F2C9 /* SleepOverReasonCell.swift in Sources */ = {isa = PBXBuildFile; fileRef = 757640ED2AE7B84A0070F2C9 /* SleepOverReasonCell.swift */; };
		757641042AE7B84A0070F2C9 /* SleepOverCell.swift in Sources */ = {isa = PBXBuildFile; fileRef = 757640EE2AE7B84A0070F2C9 /* SleepOverCell.swift */; };
		757641052AE7B84A0070F2C9 /* MainViewCell.swift in Sources */ = {isa = PBXBuildFile; fileRef = 757640F02AE7B84A0070F2C9 /* MainViewCell.swift */; };
		757641062AE7B84A0070F2C9 /* MainView.swift in Sources */ = {isa = PBXBuildFile; fileRef = 757640F12AE7B84A0070F2C9 /* MainView.swift */; };
		757641072AE7B84A0070F2C9 /* MovieVoteView.swift in Sources */ = {isa = PBXBuildFile; fileRef = 757640F32AE7B84A0070F2C9 /* MovieVoteView.swift */; };
		757641082AE7B84A0070F2C9 /* CustomTabItem.swift in Sources */ = {isa = PBXBuildFile; fileRef = 757640F52AE7B84A0070F2C9 /* CustomTabItem.swift */; };
		757641092AE7B84A0070F2C9 /* CustomTabExtension.swift in Sources */ = {isa = PBXBuildFile; fileRef = 757640F62AE7B84A0070F2C9 /* CustomTabExtension.swift */; };
		7576410A2AE7B84A0070F2C9 /* CustomButtonView.swift in Sources */ = {isa = PBXBuildFile; fileRef = 757640F72AE7B84A0070F2C9 /* CustomButtonView.swift */; };
		7576410F2AE7B84A0070F2C9 /* GoogleLoginModel.swift in Sources */ = {isa = PBXBuildFile; fileRef = 757640FE2AE7B84A0070F2C9 /* GoogleLoginModel.swift */; };
		757641102AE7B84A0070F2C9 /* GoogleLoginButton.swift in Sources */ = {isa = PBXBuildFile; fileRef = 757640FF2AE7B84A0070F2C9 /* GoogleLoginButton.swift */; };
		757641112AE7B84A0070F2C9 /* GoogleLoginAction.swift in Sources */ = {isa = PBXBuildFile; fileRef = 757641002AE7B84A0070F2C9 /* GoogleLoginAction.swift */; };
		757641192AE7E2B50070F2C9 /* MovieRequestView.swift in Sources */ = {isa = PBXBuildFile; fileRef = 757641182AE7E2B50070F2C9 /* MovieRequestView.swift */; };
		758A26C32AB96D210006E1C7 /* GoogleSignIn in Frameworks */ = {isa = PBXBuildFile; productRef = 758A26C22AB96D210006E1C7 /* GoogleSignIn */; };
		758A26C52AB96D210006E1C7 /* GoogleSignInSwift in Frameworks */ = {isa = PBXBuildFile; productRef = 758A26C42AB96D210006E1C7 /* GoogleSignInSwift */; };
		75AB5AD32B035FE50036BE05 /* Launch Screen.storyboard in Resources */ = {isa = PBXBuildFile; fileRef = 75AB5AD22B035FE50036BE05 /* Launch Screen.storyboard */; };
		75AB5AD92B036F900036BE05 /* MyFeelingsView.swift in Sources */ = {isa = PBXBuildFile; fileRef = 75AB5AD82B036F900036BE05 /* MyFeelingsView.swift */; };
		75AB5ADB2B03892B0036BE05 /* MyFeelingsViewBubble.swift in Sources */ = {isa = PBXBuildFile; fileRef = 75AB5ADA2B03892B0036BE05 /* MyFeelingsViewBubble.swift */; };
		75B2A0022AF0EDF7007DF2A4 /* .gitignore in Resources */ = {isa = PBXBuildFile; fileRef = 75B2A0012AF0EDF7007DF2A4 /* .gitignore */; };
		75B2A0082AF0F28E007DF2A4 /* MovieResModel.swift in Sources */ = {isa = PBXBuildFile; fileRef = 75B2A0072AF0F28E007DF2A4 /* MovieResModel.swift */; };
		75B2A00A2AF10EBD007DF2A4 /* KobisKey.swift in Sources */ = {isa = PBXBuildFile; fileRef = 75B2A0092AF10EBD007DF2A4 /* KobisKey.swift */; };
		75B2A00E2AF1C11C007DF2A4 /* MovieResearch.swift in Sources */ = {isa = PBXBuildFile; fileRef = 75B2A00D2AF1C11C007DF2A4 /* MovieResearch.swift */; };
		75CDFD532AE7B6A40057B3EA /* CodeScanner in Frameworks */ = {isa = PBXBuildFile; productRef = 75CDFD522AE7B6A40057B3EA /* CodeScanner */; };
		75F447D12A9F60F600D8B8AB /* Check_inApp.swift in Sources */ = {isa = PBXBuildFile; fileRef = 75F447D02A9F60F600D8B8AB /* Check_inApp.swift */; };
		75F447D52A9F60FB00D8B8AB /* Assets.xcassets in Resources */ = {isa = PBXBuildFile; fileRef = 75F447D42A9F60FB00D8B8AB /* Assets.xcassets */; };
		75F447D82A9F60FB00D8B8AB /* Preview Assets.xcassets in Resources */ = {isa = PBXBuildFile; fileRef = 75F447D72A9F60FB00D8B8AB /* Preview Assets.xcassets */; };
		75F9DB022B15D70B00D9FF6E /* StorageManager.swift in Sources */ = {isa = PBXBuildFile; fileRef = 75F9DB012B15D70B00D9FF6E /* StorageManager.swift */; };
		75FF30932AD54048000AE65E /* FirebaseAnalytics in Frameworks */ = {isa = PBXBuildFile; productRef = 75FF30922AD54048000AE65E /* FirebaseAnalytics */; };
		75FF30952AD54048000AE65E /* FirebaseAnalyticsOnDeviceConversion in Frameworks */ = {isa = PBXBuildFile; productRef = 75FF30942AD54048000AE65E /* FirebaseAnalyticsOnDeviceConversion */; };
		75FF30972AD54048000AE65E /* FirebaseAnalyticsSwift in Frameworks */ = {isa = PBXBuildFile; productRef = 75FF30962AD54048000AE65E /* FirebaseAnalyticsSwift */; };
		75FF30992AD54048000AE65E /* FirebaseAnalyticsWithoutAdIdSupport in Frameworks */ = {isa = PBXBuildFile; productRef = 75FF30982AD54048000AE65E /* FirebaseAnalyticsWithoutAdIdSupport */; };
		75FF309B2AD54048000AE65E /* FirebaseAppCheck in Frameworks */ = {isa = PBXBuildFile; productRef = 75FF309A2AD54048000AE65E /* FirebaseAppCheck */; };
		75FF30B52AD54048000AE65E /* FirebaseInAppMessaging-Beta in Frameworks */ = {isa = PBXBuildFile; productRef = 75FF30B42AD54048000AE65E /* FirebaseInAppMessaging-Beta */; };
		75FF30B72AD54048000AE65E /* FirebaseInAppMessagingSwift-Beta in Frameworks */ = {isa = PBXBuildFile; productRef = 75FF30B62AD54048000AE65E /* FirebaseInAppMessagingSwift-Beta */; };
		75FF30BD2AD54048000AE65E /* FirebaseMessaging in Frameworks */ = {isa = PBXBuildFile; productRef = 75FF30BC2AD54048000AE65E /* FirebaseMessaging */; };
/* End PBXBuildFile section */

/* Begin PBXFileReference section */
		423CE8CC2B0C9C0A00B1911D /* SignInRegisterCell.swift */ = {isa = PBXFileReference; fileEncoding = 4; lastKnownFileType = sourcecode.swift; path = SignInRegisterCell.swift; sourceTree = "<group>"; };
		423CE8CE2B0C9C0A00B1911D /* SignInRegisterView.swift */ = {isa = PBXFileReference; fileEncoding = 4; lastKnownFileType = sourcecode.swift; path = SignInRegisterView.swift; sourceTree = "<group>"; };
		423CE8CF2B0C9C0A00B1911D /* RegisterButtonView.swift */ = {isa = PBXFileReference; fileEncoding = 4; lastKnownFileType = sourcecode.swift; path = RegisterButtonView.swift; sourceTree = "<group>"; };
		423CE8D42B0C9E2900B1911D /* SignInView.swift */ = {isa = PBXFileReference; lastKnownFileType = sourcecode.swift; path = SignInView.swift; sourceTree = "<group>"; };
		426C12852B03692F0069C5B5 /* GoogleService-Info.plist */ = {isa = PBXFileReference; fileEncoding = 4; lastKnownFileType = text.plist.xml; path = "GoogleService-Info.plist"; sourceTree = "<group>"; };
		426C128B2B0369820069C5B5 /* MovieItemView.swift */ = {isa = PBXFileReference; fileEncoding = 4; lastKnownFileType = sourcecode.swift; path = MovieItemView.swift; sourceTree = "<group>"; };
		426C128C2B0369820069C5B5 /* MovieTabView.swift */ = {isa = PBXFileReference; fileEncoding = 4; lastKnownFileType = sourcecode.swift; path = MovieTabView.swift; sourceTree = "<group>"; };
		42E100AD2AFA28CF00D3208D /* ContentView.swift */ = {isa = PBXFileReference; fileEncoding = 4; lastKnownFileType = sourcecode.swift; path = ContentView.swift; sourceTree = "<group>"; };
		42E100AF2AFA28D500D3208D /* SideBarView.swift */ = {isa = PBXFileReference; fileEncoding = 4; lastKnownFileType = sourcecode.swift; path = SideBarView.swift; sourceTree = "<group>"; };
		42E100B22AFA28DF00D3208D /* MenuView.swift */ = {isa = PBXFileReference; fileEncoding = 4; lastKnownFileType = sourcecode.swift; path = MenuView.swift; sourceTree = "<group>"; };
		42E100B52AFA28E500D3208D /* CustomNavigationBarView.swift */ = {isa = PBXFileReference; fileEncoding = 4; lastKnownFileType = sourcecode.swift; path = CustomNavigationBarView.swift; sourceTree = "<group>"; };
		42E100B62AFA28E500D3208D /* LogoView.swift */ = {isa = PBXFileReference; fileEncoding = 4; lastKnownFileType = sourcecode.swift; path = LogoView.swift; sourceTree = "<group>"; };
		751307E12AFA1EAF00A7B752 /* MovieRequestAction.swift */ = {isa = PBXFileReference; lastKnownFileType = sourcecode.swift; path = MovieRequestAction.swift; sourceTree = "<group>"; };
		753C94812B0CBADF004AB956 /* MyFeelingsModel.swift */ = {isa = PBXFileReference; lastKnownFileType = sourcecode.swift; path = MyFeelingsModel.swift; sourceTree = "<group>"; };
		757640EB2AE7B84A0070F2C9 /* SleepOverButton.swift */ = {isa = PBXFileReference; fileEncoding = 4; lastKnownFileType = sourcecode.swift; path = SleepOverButton.swift; sourceTree = "<group>"; };
		757640EC2AE7B84A0070F2C9 /* SleepOverView.swift */ = {isa = PBXFileReference; fileEncoding = 4; lastKnownFileType = sourcecode.swift; path = SleepOverView.swift; sourceTree = "<group>"; };
		757640ED2AE7B84A0070F2C9 /* SleepOverReasonCell.swift */ = {isa = PBXFileReference; fileEncoding = 4; lastKnownFileType = sourcecode.swift; path = SleepOverReasonCell.swift; sourceTree = "<group>"; };
		757640EE2AE7B84A0070F2C9 /* SleepOverCell.swift */ = {isa = PBXFileReference; fileEncoding = 4; lastKnownFileType = sourcecode.swift; path = SleepOverCell.swift; sourceTree = "<group>"; };
		757640F02AE7B84A0070F2C9 /* MainViewCell.swift */ = {isa = PBXFileReference; fileEncoding = 4; lastKnownFileType = sourcecode.swift; path = MainViewCell.swift; sourceTree = "<group>"; };
		757640F12AE7B84A0070F2C9 /* MainView.swift */ = {isa = PBXFileReference; fileEncoding = 4; lastKnownFileType = sourcecode.swift; path = MainView.swift; sourceTree = "<group>"; };
		757640F32AE7B84A0070F2C9 /* MovieVoteView.swift */ = {isa = PBXFileReference; fileEncoding = 4; lastKnownFileType = sourcecode.swift; path = MovieVoteView.swift; sourceTree = "<group>"; };
		757640F52AE7B84A0070F2C9 /* CustomTabItem.swift */ = {isa = PBXFileReference; fileEncoding = 4; lastKnownFileType = sourcecode.swift; path = CustomTabItem.swift; sourceTree = "<group>"; };
		757640F62AE7B84A0070F2C9 /* CustomTabExtension.swift */ = {isa = PBXFileReference; fileEncoding = 4; lastKnownFileType = sourcecode.swift; path = CustomTabExtension.swift; sourceTree = "<group>"; };
		757640F72AE7B84A0070F2C9 /* CustomButtonView.swift */ = {isa = PBXFileReference; fileEncoding = 4; lastKnownFileType = sourcecode.swift; path = CustomButtonView.swift; sourceTree = "<group>"; };
		757640FE2AE7B84A0070F2C9 /* GoogleLoginModel.swift */ = {isa = PBXFileReference; fileEncoding = 4; lastKnownFileType = sourcecode.swift; path = GoogleLoginModel.swift; sourceTree = "<group>"; };
		757640FF2AE7B84A0070F2C9 /* GoogleLoginButton.swift */ = {isa = PBXFileReference; fileEncoding = 4; lastKnownFileType = sourcecode.swift; path = GoogleLoginButton.swift; sourceTree = "<group>"; };
		757641002AE7B84A0070F2C9 /* GoogleLoginAction.swift */ = {isa = PBXFileReference; fileEncoding = 4; lastKnownFileType = sourcecode.swift; path = GoogleLoginAction.swift; sourceTree = "<group>"; };
		757641182AE7E2B50070F2C9 /* MovieRequestView.swift */ = {isa = PBXFileReference; lastKnownFileType = sourcecode.swift; path = MovieRequestView.swift; sourceTree = "<group>"; };
		75A216502AB9927E00B78C67 /* Info.plist */ = {isa = PBXFileReference; lastKnownFileType = text.plist; path = Info.plist; sourceTree = "<group>"; };
		75AB5AD22B035FE50036BE05 /* Launch Screen.storyboard */ = {isa = PBXFileReference; lastKnownFileType = file.storyboard; path = "Launch Screen.storyboard"; sourceTree = "<group>"; };
		75AB5AD82B036F900036BE05 /* MyFeelingsView.swift */ = {isa = PBXFileReference; fileEncoding = 4; lastKnownFileType = sourcecode.swift; path = MyFeelingsView.swift; sourceTree = "<group>"; };
		75AB5ADA2B03892B0036BE05 /* MyFeelingsViewBubble.swift */ = {isa = PBXFileReference; lastKnownFileType = sourcecode.swift; path = MyFeelingsViewBubble.swift; sourceTree = "<group>"; };
		75B2A0012AF0EDF7007DF2A4 /* .gitignore */ = {isa = PBXFileReference; lastKnownFileType = text; path = .gitignore; sourceTree = "<group>"; };
		75B2A0072AF0F28E007DF2A4 /* MovieResModel.swift */ = {isa = PBXFileReference; lastKnownFileType = sourcecode.swift; path = MovieResModel.swift; sourceTree = "<group>"; };
		75B2A0092AF10EBD007DF2A4 /* KobisKey.swift */ = {isa = PBXFileReference; lastKnownFileType = sourcecode.swift; path = KobisKey.swift; sourceTree = "<group>"; };
		75B2A00D2AF1C11C007DF2A4 /* MovieResearch.swift */ = {isa = PBXFileReference; lastKnownFileType = sourcecode.swift; path = MovieResearch.swift; sourceTree = "<group>"; };
		75F447CD2A9F60F600D8B8AB /* Check-in.app */ = {isa = PBXFileReference; explicitFileType = wrapper.application; includeInIndex = 0; path = "Check-in.app"; sourceTree = BUILT_PRODUCTS_DIR; };
		75F447D02A9F60F600D8B8AB /* Check_inApp.swift */ = {isa = PBXFileReference; lastKnownFileType = sourcecode.swift; path = Check_inApp.swift; sourceTree = "<group>"; };
		75F447D42A9F60FB00D8B8AB /* Assets.xcassets */ = {isa = PBXFileReference; lastKnownFileType = folder.assetcatalog; path = Assets.xcassets; sourceTree = "<group>"; };
		75F447D72A9F60FB00D8B8AB /* Preview Assets.xcassets */ = {isa = PBXFileReference; lastKnownFileType = folder.assetcatalog; path = "Preview Assets.xcassets"; sourceTree = "<group>"; };
		75F9DB012B15D70B00D9FF6E /* StorageManager.swift */ = {isa = PBXFileReference; lastKnownFileType = sourcecode.swift; path = StorageManager.swift; sourceTree = "<group>"; };
		75FF30C82AD544A1000AE65E /* Check-in.entitlements */ = {isa = PBXFileReference; lastKnownFileType = text.plist.entitlements; path = "Check-in.entitlements"; sourceTree = "<group>"; };
/* End PBXFileReference section */

/* Begin PBXFrameworksBuildPhase section */
		75F447CA2A9F60F600D8B8AB /* Frameworks */ = {
			isa = PBXFrameworksBuildPhase;
			buildActionMask = 2147483647;
			files = (
				75FF30B72AD54048000AE65E /* FirebaseInAppMessagingSwift-Beta in Frameworks */,
				75FF309B2AD54048000AE65E /* FirebaseAppCheck in Frameworks */,
				75FF30BD2AD54048000AE65E /* FirebaseMessaging in Frameworks */,
				75FF30972AD54048000AE65E /* FirebaseAnalyticsSwift in Frameworks */,
				758A26C52AB96D210006E1C7 /* GoogleSignInSwift in Frameworks */,
				75FF30B52AD54048000AE65E /* FirebaseInAppMessaging-Beta in Frameworks */,
				75713B962AB0831D00AC876A /* Alamofire in Frameworks */,
				75FF30952AD54048000AE65E /* FirebaseAnalyticsOnDeviceConversion in Frameworks */,
				75CDFD532AE7B6A40057B3EA /* CodeScanner in Frameworks */,
				75FF30992AD54048000AE65E /* FirebaseAnalyticsWithoutAdIdSupport in Frameworks */,
				75FF30932AD54048000AE65E /* FirebaseAnalytics in Frameworks */,
				758A26C32AB96D210006E1C7 /* GoogleSignIn in Frameworks */,
			);
			runOnlyForDeploymentPostprocessing = 0;
		};
/* End PBXFrameworksBuildPhase section */

/* Begin PBXGroup section */
		42E100B12AFA28DF00D3208D /* CustomSideBar */ = {
			isa = PBXGroup;
			children = (
				42E100B22AFA28DF00D3208D /* MenuView.swift */,
			);
			path = CustomSideBar;
			sourceTree = "<group>";
		};
		42E100B42AFA28E500D3208D /* CustomNavigationBarView */ = {
			isa = PBXGroup;
			children = (
				75F9DAFE2B15D6E100D9FF6E /* New Group */,
				42E100B52AFA28E500D3208D /* CustomNavigationBarView.swift */,
				42E100B62AFA28E500D3208D /* LogoView.swift */,
			);
			path = CustomNavigationBarView;
			sourceTree = "<group>";
		};
		757640E92AE7B7B20070F2C9 /* Resource */ = {
			isa = PBXGroup;
			children = (
				75F447D42A9F60FB00D8B8AB /* Assets.xcassets */,
				75F447D62A9F60FB00D8B8AB /* Preview Content */,
			);
			path = Resource;
			sourceTree = "<group>";
		};
		757640EA2AE7B84A0070F2C9 /* SleepOver */ = {
			isa = PBXGroup;
			children = (
				757640EB2AE7B84A0070F2C9 /* SleepOverButton.swift */,
				757640EC2AE7B84A0070F2C9 /* SleepOverView.swift */,
				757640ED2AE7B84A0070F2C9 /* SleepOverReasonCell.swift */,
				757640EE2AE7B84A0070F2C9 /* SleepOverCell.swift */,
			);
			path = SleepOver;
			sourceTree = "<group>";
		};
		757640EF2AE7B84A0070F2C9 /* MainView */ = {
			isa = PBXGroup;
			children = (
				757640F12AE7B84A0070F2C9 /* MainView.swift */,
				757640F02AE7B84A0070F2C9 /* MainViewCell.swift */,
				75AB5AD72B036F900036BE05 /* MyFeelingsView */,
			);
			path = MainView;
			sourceTree = "<group>";
		};
		757640F22AE7B84A0070F2C9 /* MovieVote */ = {
			isa = PBXGroup;
			children = (
				757640F32AE7B84A0070F2C9 /* MovieVoteView.swift */,
				426C128B2B0369820069C5B5 /* MovieItemView.swift */,
				426C128C2B0369820069C5B5 /* MovieTabView.swift */,
			);
			path = MovieVote;
			sourceTree = "<group>";
		};
		757640F42AE7B84A0070F2C9 /* CustomTabBar */ = {
			isa = PBXGroup;
			children = (
				757640F52AE7B84A0070F2C9 /* CustomTabItem.swift */,
				757640F62AE7B84A0070F2C9 /* CustomTabExtension.swift */,
				757640F72AE7B84A0070F2C9 /* CustomButtonView.swift */,
			);
			path = CustomTabBar;
			sourceTree = "<group>";
		};
		757640F92AE7B84A0070F2C9 /* SignInView */ = {
			isa = PBXGroup;
			children = (
				423CE8CF2B0C9C0A00B1911D /* RegisterButtonView.swift */,
				423CE8CC2B0C9C0A00B1911D /* SignInRegisterCell.swift */,
				423CE8CE2B0C9C0A00B1911D /* SignInRegisterView.swift */,
				423CE8D42B0C9E2900B1911D /* SignInView.swift */,
			);
			path = SignInView;
			sourceTree = "<group>";
		};
		757640FD2AE7B84A0070F2C9 /* GoogleLogin */ = {
			isa = PBXGroup;
			children = (
				757640FE2AE7B84A0070F2C9 /* GoogleLoginModel.swift */,
				757640FF2AE7B84A0070F2C9 /* GoogleLoginButton.swift */,
				757641002AE7B84A0070F2C9 /* GoogleLoginAction.swift */,
			);
			path = GoogleLogin;
			sourceTree = "<group>";
		};
		757641122AE7B9730070F2C9 /* ContentView */ = {
			isa = PBXGroup;
			children = (
				42E100AD2AFA28CF00D3208D /* ContentView.swift */,
			);
			path = ContentView;
			sourceTree = "<group>";
		};
		757641172AE7E2990070F2C9 /* MoiveRequestView */ = {
			isa = PBXGroup;
			children = (
				757641182AE7E2B50070F2C9 /* MovieRequestView.swift */,
				75B2A0072AF0F28E007DF2A4 /* MovieResModel.swift */,
				75B2A0092AF10EBD007DF2A4 /* KobisKey.swift */,
				75B2A00D2AF1C11C007DF2A4 /* MovieResearch.swift */,
				751307E12AFA1EAF00A7B752 /* MovieRequestAction.swift */,
			);
			path = MoiveRequestView;
			sourceTree = "<group>";
		};
		75AB5AD72B036F900036BE05 /* MyFeelingsView */ = {
			isa = PBXGroup;
			children = (
				75AB5AD82B036F900036BE05 /* MyFeelingsView.swift */,
				75AB5ADA2B03892B0036BE05 /* MyFeelingsViewBubble.swift */,
				753C94812B0CBADF004AB956 /* MyFeelingsModel.swift */,
			);
			path = MyFeelingsView;
			sourceTree = "<group>";
		};
		75CDFD552AE7B6F40057B3EA /* Source */ = {
			isa = PBXGroup;
			children = (
				75F9DB002B15D6FB00D9FF6E /* StorageManager */,
				75F447D02A9F60F600D8B8AB /* Check_inApp.swift */,
				75AB5AD22B035FE50036BE05 /* Launch Screen.storyboard */,
				42E100AF2AFA28D500D3208D /* SideBarView.swift */,
				757640F22AE7B84A0070F2C9 /* MovieVote */,
				757641172AE7E2990070F2C9 /* MoiveRequestView */,
				757641122AE7B9730070F2C9 /* ContentView */,
				757640F42AE7B84A0070F2C9 /* CustomTabBar */,
				42E100B12AFA28DF00D3208D /* CustomSideBar */,
				42E100B42AFA28E500D3208D /* CustomNavigationBarView */,
				757640FD2AE7B84A0070F2C9 /* GoogleLogin */,
				757640EF2AE7B84A0070F2C9 /* MainView */,
				757640F92AE7B84A0070F2C9 /* SignInView */,
				757640EA2AE7B84A0070F2C9 /* SleepOver */,
			);
			path = Source;
			sourceTree = "<group>";
		};
		75F447C42A9F60F600D8B8AB = {
			isa = PBXGroup;
			children = (
				75B2A0012AF0EDF7007DF2A4 /* .gitignore */,
				75F447CF2A9F60F600D8B8AB /* Check-in */,
				75F447CE2A9F60F600D8B8AB /* Products */,
			);
			sourceTree = "<group>";
		};
		75F447CE2A9F60F600D8B8AB /* Products */ = {
			isa = PBXGroup;
			children = (
				75F447CD2A9F60F600D8B8AB /* Check-in.app */,
			);
			name = Products;
			sourceTree = "<group>";
		};
		75F447CF2A9F60F600D8B8AB /* Check-in */ = {
			isa = PBXGroup;
			children = (
				75F9DAFF2B15D6F100D9FF6E /* New Group */,
				75FF30C82AD544A1000AE65E /* Check-in.entitlements */,
				75A216502AB9927E00B78C67 /* Info.plist */,
				426C12852B03692F0069C5B5 /* GoogleService-Info.plist */,
				757640E92AE7B7B20070F2C9 /* Resource */,
				75CDFD552AE7B6F40057B3EA /* Source */,
			);
			path = "Check-in";
			sourceTree = "<group>";
		};
		75F447D62A9F60FB00D8B8AB /* Preview Content */ = {
			isa = PBXGroup;
			children = (
				75F447D72A9F60FB00D8B8AB /* Preview Assets.xcassets */,
			);
			path = "Preview Content";
			sourceTree = "<group>";
		};
		75F9DAFE2B15D6E100D9FF6E /* New Group */ = {
			isa = PBXGroup;
			children = (
			);
			path = "New Group";
			sourceTree = "<group>";
		};
		75F9DAFF2B15D6F100D9FF6E /* New Group */ = {
			isa = PBXGroup;
			children = (
			);
			path = "New Group";
			sourceTree = "<group>";
		};
		75F9DB002B15D6FB00D9FF6E /* StorageManager */ = {
			isa = PBXGroup;
			children = (
				75F9DB012B15D70B00D9FF6E /* StorageManager.swift */,
			);
			path = StorageManager;
			sourceTree = "<group>";
		};
/* End PBXGroup section */

/* Begin PBXNativeTarget section */
		75F447CC2A9F60F600D8B8AB /* Check-in */ = {
			isa = PBXNativeTarget;
			buildConfigurationList = 75F447DB2A9F60FB00D8B8AB /* Build configuration list for PBXNativeTarget "Check-in" */;
			buildPhases = (
				75F447C92A9F60F600D8B8AB /* Sources */,
				75F447CA2A9F60F600D8B8AB /* Frameworks */,
				75F447CB2A9F60F600D8B8AB /* Resources */,
			);
			buildRules = (
			);
			dependencies = (
			);
			name = "Check-in";
			packageProductDependencies = (
				75713B952AB0831D00AC876A /* Alamofire */,
				758A26C22AB96D210006E1C7 /* GoogleSignIn */,
				758A26C42AB96D210006E1C7 /* GoogleSignInSwift */,
				75FF30922AD54048000AE65E /* FirebaseAnalytics */,
				75FF30942AD54048000AE65E /* FirebaseAnalyticsOnDeviceConversion */,
				75FF30962AD54048000AE65E /* FirebaseAnalyticsSwift */,
				75FF30982AD54048000AE65E /* FirebaseAnalyticsWithoutAdIdSupport */,
				75FF309A2AD54048000AE65E /* FirebaseAppCheck */,
				75FF30B42AD54048000AE65E /* FirebaseInAppMessaging-Beta */,
				75FF30B62AD54048000AE65E /* FirebaseInAppMessagingSwift-Beta */,
				75FF30BC2AD54048000AE65E /* FirebaseMessaging */,
				75CDFD522AE7B6A40057B3EA /* CodeScanner */,
			);
			productName = "Check-in";
			productReference = 75F447CD2A9F60F600D8B8AB /* Check-in.app */;
			productType = "com.apple.product-type.application";
		};
/* End PBXNativeTarget section */

/* Begin PBXProject section */
		75F447C52A9F60F600D8B8AB /* Project object */ = {
			isa = PBXProject;
			attributes = {
				BuildIndependentTargetsInParallel = 1;
				LastSwiftUpdateCheck = 1500;
				LastUpgradeCheck = 1500;
				TargetAttributes = {
					75F447CC2A9F60F600D8B8AB = {
						CreatedOnToolsVersion = 15.0;
					};
				};
			};
			buildConfigurationList = 75F447C82A9F60F600D8B8AB /* Build configuration list for PBXProject "Check-in" */;
			compatibilityVersion = "Xcode 14.0";
			developmentRegion = ko;
			hasScannedForEncodings = 0;
			knownRegions = (
				en,
				Base,
				ko,
			);
			mainGroup = 75F447C42A9F60F600D8B8AB;
			packageReferences = (
				75713B942AB0831D00AC876A /* XCRemoteSwiftPackageReference "Alamofire" */,
				758A26C12AB96D210006E1C7 /* XCRemoteSwiftPackageReference "GoogleSignIn-iOS" */,
				75FF30912AD54048000AE65E /* XCRemoteSwiftPackageReference "firebase-ios-sdk" */,
				75CDFD512AE7B6A30057B3EA /* XCRemoteSwiftPackageReference "CodeScanner" */,
			);
			productRefGroup = 75F447CE2A9F60F600D8B8AB /* Products */;
			projectDirPath = "";
			projectRoot = "";
			targets = (
				75F447CC2A9F60F600D8B8AB /* Check-in */,
			);
		};
/* End PBXProject section */

/* Begin PBXResourcesBuildPhase section */
		75F447CB2A9F60F600D8B8AB /* Resources */ = {
			isa = PBXResourcesBuildPhase;
			buildActionMask = 2147483647;
			files = (
				75AB5AD32B035FE50036BE05 /* Launch Screen.storyboard in Resources */,
				75B2A0022AF0EDF7007DF2A4 /* .gitignore in Resources */,
				75F447D82A9F60FB00D8B8AB /* Preview Assets.xcassets in Resources */,
				75F447D52A9F60FB00D8B8AB /* Assets.xcassets in Resources */,
				426C12862B03692F0069C5B5 /* GoogleService-Info.plist in Resources */,
			);
			runOnlyForDeploymentPostprocessing = 0;
		};
/* End PBXResourcesBuildPhase section */

/* Begin PBXSourcesBuildPhase section */
		75F447C92A9F60F600D8B8AB /* Sources */ = {
			isa = PBXSourcesBuildPhase;
			buildActionMask = 2147483647;
			files = (
				757641092AE7B84A0070F2C9 /* CustomTabExtension.swift in Sources */,
				42E100B82AFA28E500D3208D /* LogoView.swift in Sources */,
				423CE8D32B0C9C0B00B1911D /* RegisterButtonView.swift in Sources */,
				75F447D12A9F60F600D8B8AB /* Check_inApp.swift in Sources */,
				757641062AE7B84A0070F2C9 /* MainView.swift in Sources */,
				423CE8D22B0C9C0B00B1911D /* SignInRegisterView.swift in Sources */,
				7576410A2AE7B84A0070F2C9 /* CustomButtonView.swift in Sources */,
				757641102AE7B84A0070F2C9 /* GoogleLoginButton.swift in Sources */,
				757641032AE7B84A0070F2C9 /* SleepOverReasonCell.swift in Sources */,
				757641022AE7B84A0070F2C9 /* SleepOverView.swift in Sources */,
				426C128D2B0369820069C5B5 /* MovieItemView.swift in Sources */,
				757641112AE7B84A0070F2C9 /* GoogleLoginAction.swift in Sources */,
				75B2A0082AF0F28E007DF2A4 /* MovieResModel.swift in Sources */,
				423CE8D02B0C9C0B00B1911D /* SignInRegisterCell.swift in Sources */,
				423CE8D52B0C9E2900B1911D /* SignInView.swift in Sources */,
				42E100B02AFA28D500D3208D /* SideBarView.swift in Sources */,
				42E100B32AFA28DF00D3208D /* MenuView.swift in Sources */,
				75F9DB022B15D70B00D9FF6E /* StorageManager.swift in Sources */,
				7576410F2AE7B84A0070F2C9 /* GoogleLoginModel.swift in Sources */,
				75AB5ADB2B03892B0036BE05 /* MyFeelingsViewBubble.swift in Sources */,
				75AB5AD92B036F900036BE05 /* MyFeelingsView.swift in Sources */,
				75B2A00E2AF1C11C007DF2A4 /* MovieResearch.swift in Sources */,
				42E100B72AFA28E500D3208D /* CustomNavigationBarView.swift in Sources */,
				757641082AE7B84A0070F2C9 /* CustomTabItem.swift in Sources */,
				426C128E2B0369820069C5B5 /* MovieTabView.swift in Sources */,
				757641052AE7B84A0070F2C9 /* MainViewCell.swift in Sources */,
				757641192AE7E2B50070F2C9 /* MovieRequestView.swift in Sources */,
				42E100AE2AFA28CF00D3208D /* ContentView.swift in Sources */,
				757641042AE7B84A0070F2C9 /* SleepOverCell.swift in Sources */,
				757641012AE7B84A0070F2C9 /* SleepOverButton.swift in Sources */,
				757641072AE7B84A0070F2C9 /* MovieVoteView.swift in Sources */,
				75B2A00A2AF10EBD007DF2A4 /* KobisKey.swift in Sources */,
				753C94822B0CBADF004AB956 /* MyFeelingsModel.swift in Sources */,
				751307E22AFA1EAF00A7B752 /* MovieRequestAction.swift in Sources */,
			);
			runOnlyForDeploymentPostprocessing = 0;
		};
/* End PBXSourcesBuildPhase section */

/* Begin XCBuildConfiguration section */
		75F447D92A9F60FB00D8B8AB /* Debug */ = {
			isa = XCBuildConfiguration;
			buildSettings = {
				ALWAYS_SEARCH_USER_PATHS = NO;
				ASSETCATALOG_COMPILER_GENERATE_SWIFT_ASSET_SYMBOL_EXTENSIONS = YES;
				CLANG_ANALYZER_NONNULL = YES;
				CLANG_ANALYZER_NUMBER_OBJECT_CONVERSION = YES_AGGRESSIVE;
				CLANG_CXX_LANGUAGE_STANDARD = "gnu++20";
				CLANG_ENABLE_MODULES = YES;
				CLANG_ENABLE_OBJC_ARC = YES;
				CLANG_ENABLE_OBJC_WEAK = YES;
				CLANG_WARN_BLOCK_CAPTURE_AUTORELEASING = YES;
				CLANG_WARN_BOOL_CONVERSION = YES;
				CLANG_WARN_COMMA = YES;
				CLANG_WARN_CONSTANT_CONVERSION = YES;
				CLANG_WARN_DEPRECATED_OBJC_IMPLEMENTATIONS = YES;
				CLANG_WARN_DIRECT_OBJC_ISA_USAGE = YES_ERROR;
				CLANG_WARN_DOCUMENTATION_COMMENTS = YES;
				CLANG_WARN_EMPTY_BODY = YES;
				CLANG_WARN_ENUM_CONVERSION = YES;
				CLANG_WARN_INFINITE_RECURSION = YES;
				CLANG_WARN_INT_CONVERSION = YES;
				CLANG_WARN_NON_LITERAL_NULL_CONVERSION = YES;
				CLANG_WARN_OBJC_IMPLICIT_RETAIN_SELF = YES;
				CLANG_WARN_OBJC_LITERAL_CONVERSION = YES;
				CLANG_WARN_OBJC_ROOT_CLASS = YES_ERROR;
				CLANG_WARN_QUOTED_INCLUDE_IN_FRAMEWORK_HEADER = YES;
				CLANG_WARN_RANGE_LOOP_ANALYSIS = YES;
				CLANG_WARN_STRICT_PROTOTYPES = YES;
				CLANG_WARN_SUSPICIOUS_MOVE = YES;
				CLANG_WARN_UNGUARDED_AVAILABILITY = YES_AGGRESSIVE;
				CLANG_WARN_UNREACHABLE_CODE = YES;
				CLANG_WARN__DUPLICATE_METHOD_MATCH = YES;
				COPY_PHASE_STRIP = NO;
				DEBUG_INFORMATION_FORMAT = dwarf;
				ENABLE_STRICT_OBJC_MSGSEND = YES;
				ENABLE_TESTABILITY = YES;
				ENABLE_USER_SCRIPT_SANDBOXING = YES;
				GCC_C_LANGUAGE_STANDARD = gnu17;
				GCC_DYNAMIC_NO_PIC = NO;
				GCC_NO_COMMON_BLOCKS = YES;
				GCC_OPTIMIZATION_LEVEL = 0;
				GCC_PREPROCESSOR_DEFINITIONS = (
					"DEBUG=1",
					"$(inherited)",
				);
				GCC_WARN_64_TO_32_BIT_CONVERSION = YES;
				GCC_WARN_ABOUT_RETURN_TYPE = YES_ERROR;
				GCC_WARN_UNDECLARED_SELECTOR = YES;
				GCC_WARN_UNINITIALIZED_AUTOS = YES_AGGRESSIVE;
				GCC_WARN_UNUSED_FUNCTION = YES;
				GCC_WARN_UNUSED_VARIABLE = YES;
				IPHONEOS_DEPLOYMENT_TARGET = 17.0;
				LOCALIZATION_PREFERS_STRING_CATALOGS = YES;
				MTL_ENABLE_DEBUG_INFO = INCLUDE_SOURCE;
				MTL_FAST_MATH = YES;
				ONLY_ACTIVE_ARCH = YES;
				SDKROOT = iphoneos;
				SWIFT_ACTIVE_COMPILATION_CONDITIONS = "DEBUG $(inherited)";
				SWIFT_OPTIMIZATION_LEVEL = "-Onone";
			};
			name = Debug;
		};
		75F447DA2A9F60FB00D8B8AB /* Release */ = {
			isa = XCBuildConfiguration;
			buildSettings = {
				ALWAYS_SEARCH_USER_PATHS = NO;
				ASSETCATALOG_COMPILER_GENERATE_SWIFT_ASSET_SYMBOL_EXTENSIONS = YES;
				CLANG_ANALYZER_NONNULL = YES;
				CLANG_ANALYZER_NUMBER_OBJECT_CONVERSION = YES_AGGRESSIVE;
				CLANG_CXX_LANGUAGE_STANDARD = "gnu++20";
				CLANG_ENABLE_MODULES = YES;
				CLANG_ENABLE_OBJC_ARC = YES;
				CLANG_ENABLE_OBJC_WEAK = YES;
				CLANG_WARN_BLOCK_CAPTURE_AUTORELEASING = YES;
				CLANG_WARN_BOOL_CONVERSION = YES;
				CLANG_WARN_COMMA = YES;
				CLANG_WARN_CONSTANT_CONVERSION = YES;
				CLANG_WARN_DEPRECATED_OBJC_IMPLEMENTATIONS = YES;
				CLANG_WARN_DIRECT_OBJC_ISA_USAGE = YES_ERROR;
				CLANG_WARN_DOCUMENTATION_COMMENTS = YES;
				CLANG_WARN_EMPTY_BODY = YES;
				CLANG_WARN_ENUM_CONVERSION = YES;
				CLANG_WARN_INFINITE_RECURSION = YES;
				CLANG_WARN_INT_CONVERSION = YES;
				CLANG_WARN_NON_LITERAL_NULL_CONVERSION = YES;
				CLANG_WARN_OBJC_IMPLICIT_RETAIN_SELF = YES;
				CLANG_WARN_OBJC_LITERAL_CONVERSION = YES;
				CLANG_WARN_OBJC_ROOT_CLASS = YES_ERROR;
				CLANG_WARN_QUOTED_INCLUDE_IN_FRAMEWORK_HEADER = YES;
				CLANG_WARN_RANGE_LOOP_ANALYSIS = YES;
				CLANG_WARN_STRICT_PROTOTYPES = YES;
				CLANG_WARN_SUSPICIOUS_MOVE = YES;
				CLANG_WARN_UNGUARDED_AVAILABILITY = YES_AGGRESSIVE;
				CLANG_WARN_UNREACHABLE_CODE = YES;
				CLANG_WARN__DUPLICATE_METHOD_MATCH = YES;
				COPY_PHASE_STRIP = NO;
				DEBUG_INFORMATION_FORMAT = "dwarf-with-dsym";
				ENABLE_NS_ASSERTIONS = NO;
				ENABLE_STRICT_OBJC_MSGSEND = YES;
				ENABLE_USER_SCRIPT_SANDBOXING = YES;
				GCC_C_LANGUAGE_STANDARD = gnu17;
				GCC_NO_COMMON_BLOCKS = YES;
				GCC_WARN_64_TO_32_BIT_CONVERSION = YES;
				GCC_WARN_ABOUT_RETURN_TYPE = YES_ERROR;
				GCC_WARN_UNDECLARED_SELECTOR = YES;
				GCC_WARN_UNINITIALIZED_AUTOS = YES_AGGRESSIVE;
				GCC_WARN_UNUSED_FUNCTION = YES;
				GCC_WARN_UNUSED_VARIABLE = YES;
				IPHONEOS_DEPLOYMENT_TARGET = 17.0;
				LOCALIZATION_PREFERS_STRING_CATALOGS = YES;
				MTL_ENABLE_DEBUG_INFO = NO;
				MTL_FAST_MATH = YES;
				SDKROOT = iphoneos;
				SWIFT_COMPILATION_MODE = wholemodule;
				VALIDATE_PRODUCT = YES;
			};
			name = Release;
		};
		75F447DC2A9F60FB00D8B8AB /* Debug */ = {
			isa = XCBuildConfiguration;
			buildSettings = {
				ASSETCATALOG_COMPILER_APPICON_NAME = AppIcon;
				ASSETCATALOG_COMPILER_GLOBAL_ACCENT_COLOR_NAME = AccentColor;
				CODE_SIGN_ENTITLEMENTS = "Check-in/Check-in.entitlements";
				CODE_SIGN_IDENTITY = "Apple Development";
				CODE_SIGN_STYLE = Automatic;
				CURRENT_PROJECT_VERSION = 1;
				DEVELOPMENT_ASSET_PATHS = "\"Check-in/Resource/Preview Content\"";
				DEVELOPMENT_TEAM = C22QH9P7HR;
				ENABLE_PREVIEWS = YES;
				GENERATE_INFOPLIST_FILE = YES;
				INFOPLIST_FILE = "Check-in/Info.plist";
				INFOPLIST_KEY_CFBundleDisplayName = "체크인";
				INFOPLIST_KEY_NSCameraUsageDescription = " 을 위해 카메라가 필요합니다.";
				INFOPLIST_KEY_UIApplicationSceneManifest_Generation = YES;
				INFOPLIST_KEY_UIApplicationSupportsIndirectInputEvents = YES;
				INFOPLIST_KEY_UILaunchStoryboardName = "Launch Screen.storyboard";
				INFOPLIST_KEY_UISupportedInterfaceOrientations_iPad = "UIInterfaceOrientationPortrait UIInterfaceOrientationPortraitUpsideDown UIInterfaceOrientationLandscapeLeft UIInterfaceOrientationLandscapeRight";
				INFOPLIST_KEY_UISupportedInterfaceOrientations_iPhone = "UIInterfaceOrientationPortrait UIInterfaceOrientationLandscapeLeft UIInterfaceOrientationLandscapeRight";
				INFOPLIST_KEY_UIUserInterfaceStyle = Light;
				IPHONEOS_DEPLOYMENT_TARGET = 15.0;
				LD_RUNPATH_SEARCH_PATHS = (
					"$(inherited)",
					"@executable_path/Frameworks",
				);
				MARKETING_VERSION = 1.0;
				PRODUCT_BUNDLE_IDENTIFIER = com.hs.dgsw.ios.check2;
				PRODUCT_NAME = "$(TARGET_NAME)";
				PROVISIONING_PROFILE_SPECIFIER = "";
				SUPPORTED_PLATFORMS = "iphoneos iphonesimulator";
				SUPPORTS_MACCATALYST = NO;
				SUPPORTS_MAC_DESIGNED_FOR_IPHONE_IPAD = NO;
				SWIFT_EMIT_LOC_STRINGS = YES;
				SWIFT_VERSION = 5.0;
				TARGETED_DEVICE_FAMILY = 1;
			};
			name = Debug;
		};
		75F447DD2A9F60FB00D8B8AB /* Release */ = {
			isa = XCBuildConfiguration;
			buildSettings = {
				ASSETCATALOG_COMPILER_APPICON_NAME = AppIcon;
				ASSETCATALOG_COMPILER_GLOBAL_ACCENT_COLOR_NAME = AccentColor;
				CODE_SIGN_ENTITLEMENTS = "Check-in/Check-in.entitlements";
				CODE_SIGN_IDENTITY = "Apple Development";
				CODE_SIGN_STYLE = Automatic;
				CURRENT_PROJECT_VERSION = 1;
				DEVELOPMENT_ASSET_PATHS = "\"Check-in/Resource/Preview Content\"";
				DEVELOPMENT_TEAM = C22QH9P7HR;
				ENABLE_PREVIEWS = YES;
				GENERATE_INFOPLIST_FILE = YES;
				INFOPLIST_FILE = "Check-in/Info.plist";
				INFOPLIST_KEY_CFBundleDisplayName = "체크인";
				INFOPLIST_KEY_NSCameraUsageDescription = " 을 위해 카메라가 필요합니다.";
				INFOPLIST_KEY_UIApplicationSceneManifest_Generation = YES;
				INFOPLIST_KEY_UIApplicationSupportsIndirectInputEvents = YES;
				INFOPLIST_KEY_UILaunchStoryboardName = "Launch Screen.storyboard";
				INFOPLIST_KEY_UISupportedInterfaceOrientations_iPad = "UIInterfaceOrientationPortrait UIInterfaceOrientationPortraitUpsideDown UIInterfaceOrientationLandscapeLeft UIInterfaceOrientationLandscapeRight";
				INFOPLIST_KEY_UISupportedInterfaceOrientations_iPhone = "UIInterfaceOrientationPortrait UIInterfaceOrientationLandscapeLeft UIInterfaceOrientationLandscapeRight";
				INFOPLIST_KEY_UIUserInterfaceStyle = Light;
				IPHONEOS_DEPLOYMENT_TARGET = 15.0;
				LD_RUNPATH_SEARCH_PATHS = (
					"$(inherited)",
					"@executable_path/Frameworks",
				);
				MARKETING_VERSION = 1.0;
				PRODUCT_BUNDLE_IDENTIFIER = com.hs.dgsw.ios.check2;
				PRODUCT_NAME = "$(TARGET_NAME)";
				PROVISIONING_PROFILE_SPECIFIER = "";
				SUPPORTED_PLATFORMS = "iphoneos iphonesimulator";
				SUPPORTS_MACCATALYST = NO;
				SUPPORTS_MAC_DESIGNED_FOR_IPHONE_IPAD = NO;
				SWIFT_EMIT_LOC_STRINGS = YES;
				SWIFT_VERSION = 5.0;
				TARGETED_DEVICE_FAMILY = 1;
			};
			name = Release;
		};
/* End XCBuildConfiguration section */

/* Begin XCConfigurationList section */
		75F447C82A9F60F600D8B8AB /* Build configuration list for PBXProject "Check-in" */ = {
			isa = XCConfigurationList;
			buildConfigurations = (
				75F447D92A9F60FB00D8B8AB /* Debug */,
				75F447DA2A9F60FB00D8B8AB /* Release */,
			);
			defaultConfigurationIsVisible = 0;
			defaultConfigurationName = Release;
		};
		75F447DB2A9F60FB00D8B8AB /* Build configuration list for PBXNativeTarget "Check-in" */ = {
			isa = XCConfigurationList;
			buildConfigurations = (
				75F447DC2A9F60FB00D8B8AB /* Debug */,
				75F447DD2A9F60FB00D8B8AB /* Release */,
			);
			defaultConfigurationIsVisible = 0;
			defaultConfigurationName = Release;
		};
/* End XCConfigurationList section */

/* Begin XCRemoteSwiftPackageReference section */
		75713B942AB0831D00AC876A /* XCRemoteSwiftPackageReference "Alamofire" */ = {
			isa = XCRemoteSwiftPackageReference;
			repositoryURL = "https://github.com/Alamofire/Alamofire";
			requirement = {
				kind = upToNextMajorVersion;
				minimumVersion = 5.8.0;
			};
		};
		758A26C12AB96D210006E1C7 /* XCRemoteSwiftPackageReference "GoogleSignIn-iOS" */ = {
			isa = XCRemoteSwiftPackageReference;
			repositoryURL = "https://github.com/google/GoogleSignIn-iOS";
			requirement = {
				kind = upToNextMajorVersion;
				minimumVersion = 7.0.0;
			};
		};
		75CDFD512AE7B6A30057B3EA /* XCRemoteSwiftPackageReference "CodeScanner" */ = {
			isa = XCRemoteSwiftPackageReference;
			repositoryURL = "https://github.com/twostraws/CodeScanner";
			requirement = {
				kind = upToNextMajorVersion;
				minimumVersion = 2.3.3;
			};
		};
		75FF30912AD54048000AE65E /* XCRemoteSwiftPackageReference "firebase-ios-sdk" */ = {
			isa = XCRemoteSwiftPackageReference;
			repositoryURL = "https://github.com/firebase/firebase-ios-sdk.git";
			requirement = {
				kind = upToNextMajorVersion;
				minimumVersion = 10.16.0;
			};
		};
/* End XCRemoteSwiftPackageReference section */

/* Begin XCSwiftPackageProductDependency section */
		75713B952AB0831D00AC876A /* Alamofire */ = {
			isa = XCSwiftPackageProductDependency;
			package = 75713B942AB0831D00AC876A /* XCRemoteSwiftPackageReference "Alamofire" */;
			productName = Alamofire;
		};
		758A26C22AB96D210006E1C7 /* GoogleSignIn */ = {
			isa = XCSwiftPackageProductDependency;
			package = 758A26C12AB96D210006E1C7 /* XCRemoteSwiftPackageReference "GoogleSignIn-iOS" */;
			productName = GoogleSignIn;
		};
		758A26C42AB96D210006E1C7 /* GoogleSignInSwift */ = {
			isa = XCSwiftPackageProductDependency;
			package = 758A26C12AB96D210006E1C7 /* XCRemoteSwiftPackageReference "GoogleSignIn-iOS" */;
			productName = GoogleSignInSwift;
		};
		75CDFD522AE7B6A40057B3EA /* CodeScanner */ = {
			isa = XCSwiftPackageProductDependency;
			package = 75CDFD512AE7B6A30057B3EA /* XCRemoteSwiftPackageReference "CodeScanner" */;
			productName = CodeScanner;
		};
		75FF30922AD54048000AE65E /* FirebaseAnalytics */ = {
			isa = XCSwiftPackageProductDependency;
			package = 75FF30912AD54048000AE65E /* XCRemoteSwiftPackageReference "firebase-ios-sdk" */;
			productName = FirebaseAnalytics;
		};
		75FF30942AD54048000AE65E /* FirebaseAnalyticsOnDeviceConversion */ = {
			isa = XCSwiftPackageProductDependency;
			package = 75FF30912AD54048000AE65E /* XCRemoteSwiftPackageReference "firebase-ios-sdk" */;
			productName = FirebaseAnalyticsOnDeviceConversion;
		};
		75FF30962AD54048000AE65E /* FirebaseAnalyticsSwift */ = {
			isa = XCSwiftPackageProductDependency;
			package = 75FF30912AD54048000AE65E /* XCRemoteSwiftPackageReference "firebase-ios-sdk" */;
			productName = FirebaseAnalyticsSwift;
		};
		75FF30982AD54048000AE65E /* FirebaseAnalyticsWithoutAdIdSupport */ = {
			isa = XCSwiftPackageProductDependency;
			package = 75FF30912AD54048000AE65E /* XCRemoteSwiftPackageReference "firebase-ios-sdk" */;
			productName = FirebaseAnalyticsWithoutAdIdSupport;
		};
		75FF309A2AD54048000AE65E /* FirebaseAppCheck */ = {
			isa = XCSwiftPackageProductDependency;
			package = 75FF30912AD54048000AE65E /* XCRemoteSwiftPackageReference "firebase-ios-sdk" */;
			productName = FirebaseAppCheck;
		};
		75FF30B42AD54048000AE65E /* FirebaseInAppMessaging-Beta */ = {
			isa = XCSwiftPackageProductDependency;
			package = 75FF30912AD54048000AE65E /* XCRemoteSwiftPackageReference "firebase-ios-sdk" */;
			productName = "FirebaseInAppMessaging-Beta";
		};
		75FF30B62AD54048000AE65E /* FirebaseInAppMessagingSwift-Beta */ = {
			isa = XCSwiftPackageProductDependency;
			package = 75FF30912AD54048000AE65E /* XCRemoteSwiftPackageReference "firebase-ios-sdk" */;
			productName = "FirebaseInAppMessagingSwift-Beta";
		};
		75FF30BC2AD54048000AE65E /* FirebaseMessaging */ = {
			isa = XCSwiftPackageProductDependency;
			package = 75FF30912AD54048000AE65E /* XCRemoteSwiftPackageReference "firebase-ios-sdk" */;
			productName = FirebaseMessaging;
		};
/* End XCSwiftPackageProductDependency section */
	};
	rootObject = 75F447C52A9F60F600D8B8AB /* Project object */;
}
